
Microsoft Visual Studio Solution File, Format Version 12.00
# Visual Studio Version 17
VisualStudioVersion = 17.4.33213.308
MinimumVisualStudioVersion = 10.0.40219.1
Project("{FAE04EC0-301F-11D3-BF4B-00C04F79EFBC}") = "Arryas", "Arryas\Arryas.csproj", "{19D6CDF7-506A-40E9-935C-5D154CBEC85A}"
EndProject
Project("{FAE04EC0-301F-11D3-BF4B-00C04F79EFBC}") = "LinkedLists", "LinkedLists\LinkedLists.csproj", "{7A9CCB1A-8E8E-4508-BF12-8980EE879D7F}"
EndProject
Global
	GlobalSection(SolutionConfigurationPlatforms) = preSolution
		Debug|Any CPU = Debug|Any CPU
		Release|Any CPU = Release|Any CPU
	EndGlobalSection
	GlobalSection(ProjectConfigurationPlatforms) = postSolution
		{19D6CDF7-506A-40E9-935C-5D154CBEC85A}.Debug|Any CPU.ActiveCfg = Debug|Any CPU
		{19D6CDF7-506A-40E9-935C-5D154CBEC85A}.Debug|Any CPU.Build.0 = Debug|Any CPU
		{19D6CDF7-506A-40E9-935C-5D154CBEC85A}.Release|Any CPU.ActiveCfg = Release|Any CPU
		{19D6CDF7-506A-40E9-935C-5D154CBEC85A}.Release|Any CPU.Build.0 = Release|Any CPU
		{7A9CCB1A-8E8E-4508-BF12-8980EE879D7F}.Debug|Any CPU.ActiveCfg = Debug|Any CPU
		{7A9CCB1A-8E8E-4508-BF12-8980EE879D7F}.Debug|Any CPU.Build.0 = Debug|Any CPU
		{7A9CCB1A-8E8E-4508-BF12-8980EE879D7F}.Release|Any CPU.ActiveCfg = Release|Any CPU
		{7A9CCB1A-8E8E-4508-BF12-8980EE879D7F}.Release|Any CPU.Build.0 = Release|Any CPU
	EndGlobalSection
	GlobalSection(SolutionProperties) = preSolution
		HideSolutionNode = FALSE
	EndGlobalSection
	GlobalSection(ExtensibilityGlobals) = postSolution
		SolutionGuid = {D3FFA477-9E1B-4268-9F37-4F999F9F403F}
	EndGlobalSection
EndGlobal
